<?xml version="1.0" encoding="utf-8"?>
<Project ToolsVersion="17.0" xmlns="http://schemas.microsoft.com/developer/msbuild/2003">
  <ItemGroup>
    <ClCompile Include="C:\Users\hoang\STM32CubeIDE\workspace_1.10.1\testCmake\Core\Src\main.c">
      <Filter>Source Files</Filter>
    </ClCompile>
    <ClCompile Include="C:\Users\hoang\STM32CubeIDE\workspace_1.10.1\testCmake\Core\Src\stm32f4xx_hal_msp.c">
      <Filter>Source Files</Filter>
    </ClCompile>
    <ClCompile Include="C:\Users\hoang\STM32CubeIDE\workspace_1.10.1\testCmake\Core\Src\stm32f4xx_it.c">
      <Filter>Source Files</Filter>
    </ClCompile>
    <ClCompile Include="C:\Users\hoang\STM32CubeIDE\workspace_1.10.1\testCmake\Core\Src\syscalls.c">
      <Filter>Source Files</Filter>
    </ClCompile>
    <ClCompile Include="C:\Users\hoang\STM32CubeIDE\workspace_1.10.1\testCmake\Core\Src\sysmem.c">
      <Filter>Source Files</Filter>
    </ClCompile>
    <ClCompile Include="C:\Users\hoang\STM32CubeIDE\workspace_1.10.1\testCmake\Core\Src\system_stm32f4xx.c">
      <Filter>Source Files</Filter>
    </ClCompile>
    <ClCompile Include="C:\Users\hoang\STM32CubeIDE\workspace_1.10.1\testCmake\Drivers\STM32F4xx_HAL_Driver\Src\stm32f4xx_hal.c">
      <Filter>Source Files</Filter>
    </ClCompile>
    <ClCompile Include="C:\Users\hoang\STM32CubeIDE\workspace_1.10.1\testCmake\Drivers\STM32F4xx_HAL_Driver\Src\stm32f4xx_hal_cortex.c">
      <Filter>Source Files</Filter>
    </ClCompile>
    <ClCompile Include="C:\Users\hoang\STM32CubeIDE\workspace_1.10.1\testCmake\Drivers\STM32F4xx_HAL_Driver\Src\stm32f4xx_hal_dma.c">
      <Filter>Source Files</Filter>
    </ClCompile>
    <ClCompile Include="C:\Users\hoang\STM32CubeIDE\workspace_1.10.1\testCmake\Drivers\STM32F4xx_HAL_Driver\Src\stm32f4xx_hal_dma_ex.c">
      <Filter>Source Files</Filter>
    </ClCompile>
    <ClCompile Include="C:\Users\hoang\STM32CubeIDE\workspace_1.10.1\testCmake\Drivers\STM32F4xx_HAL_Driver\Src\stm32f4xx_hal_exti.c">
      <Filter>Source Files</Filter>
    </ClCompile>
    <ClCompile Include="C:\Users\hoang\STM32CubeIDE\workspace_1.10.1\testCmake\Drivers\STM32F4xx_HAL_Driver\Src\stm32f4xx_hal_flash.c">
      <Filter>Source Files</Filter>
    </ClCompile>
    <ClCompile Include="C:\Users\hoang\STM32CubeIDE\workspace_1.10.1\testCmake\Drivers\STM32F4xx_HAL_Driver\Src\stm32f4xx_hal_flash_ex.c">
      <Filter>Source Files</Filter>
    </ClCompile>
    <ClCompile Include="C:\Users\hoang\STM32CubeIDE\workspace_1.10.1\testCmake\Drivers\STM32F4xx_HAL_Driver\Src\stm32f4xx_hal_flash_ramfunc.c">
      <Filter>Source Files</Filter>
    </ClCompile>
    <ClCompile Include="C:\Users\hoang\STM32CubeIDE\workspace_1.10.1\testCmake\Drivers\STM32F4xx_HAL_Driver\Src\stm32f4xx_hal_gpio.c">
      <Filter>Source Files</Filter>
    </ClCompile>
    <ClCompile Include="C:\Users\hoang\STM32CubeIDE\workspace_1.10.1\testCmake\Drivers\STM32F4xx_HAL_Driver\Src\stm32f4xx_hal_hcd.c">
      <Filter>Source Files</Filter>
    </ClCompile>
    <ClCompile Include="C:\Users\hoang\STM32CubeIDE\workspace_1.10.1\testCmake\Drivers\STM32F4xx_HAL_Driver\Src\stm32f4xx_hal_i2c.c">
      <Filter>Source Files</Filter>
    </ClCompile>
    <ClCompile Include="C:\Users\hoang\STM32CubeIDE\workspace_1.10.1\testCmake\Drivers\STM32F4xx_HAL_Driver\Src\stm32f4xx_hal_i2c_ex.c">
      <Filter>Source Files</Filter>
    </ClCompile>
    <ClCompile Include="C:\Users\hoang\STM32CubeIDE\workspace_1.10.1\testCmake\Drivers\STM32F4xx_HAL_Driver\Src\stm32f4xx_hal_i2s.c">
      <Filter>Source Files</Filter>
    </ClCompile>
    <ClCompile Include="C:\Users\hoang\STM32CubeIDE\workspace_1.10.1\testCmake\Drivers\STM32F4xx_HAL_Driver\Src\stm32f4xx_hal_i2s_ex.c">
      <Filter>Source Files</Filter>
    </ClCompile>
    <ClCompile Include="C:\Users\hoang\STM32CubeIDE\workspace_1.10.1\testCmake\Drivers\STM32F4xx_HAL_Driver\Src\stm32f4xx_hal_pwr.c">
      <Filter>Source Files</Filter>
    </ClCompile>
    <ClCompile Include="C:\Users\hoang\STM32CubeIDE\workspace_1.10.1\testCmake\Drivers\STM32F4xx_HAL_Driver\Src\stm32f4xx_hal_pwr_ex.c">
      <Filter>Source Files</Filter>
    </ClCompile>
    <ClCompile Include="C:\Users\hoang\STM32CubeIDE\workspace_1.10.1\testCmake\Drivers\STM32F4xx_HAL_Driver\Src\stm32f4xx_hal_rcc.c">
      <Filter>Source Files</Filter>
    </ClCompile>
    <ClCompile Include="C:\Users\hoang\STM32CubeIDE\workspace_1.10.1\testCmake\Drivers\STM32F4xx_HAL_Driver\Src\stm32f4xx_hal_rcc_ex.c">
      <Filter>Source Files</Filter>
    </ClCompile>
    <ClCompile Include="C:\Users\hoang\STM32CubeIDE\workspace_1.10.1\testCmake\Drivers\STM32F4xx_HAL_Driver\Src\stm32f4xx_hal_spi.c">
      <Filter>Source Files</Filter>
    </ClCompile>
    <ClCompile Include="C:\Users\hoang\STM32CubeIDE\workspace_1.10.1\testCmake\Drivers\STM32F4xx_HAL_Driver\Src\stm32f4xx_hal_tim.c">
      <Filter>Source Files</Filter>
    </ClCompile>
    <ClCompile Include="C:\Users\hoang\STM32CubeIDE\workspace_1.10.1\testCmake\Drivers\STM32F4xx_HAL_Driver\Src\stm32f4xx_hal_tim_ex.c">
      <Filter>Source Files</Filter>
    </ClCompile>
    <ClCompile Include="C:\Users\hoang\STM32CubeIDE\workspace_1.10.1\testCmake\Drivers\STM32F4xx_HAL_Driver\Src\stm32f4xx_ll_usb.c">
      <Filter>Source Files</Filter>
    </ClCompile>
    <ClCompile Include="C:\Users\hoang\STM32CubeIDE\workspace_1.10.1\testCmake\Middlewares\ST\STM32_USB_Host_Library\Class\CDC\Src\usbh_cdc.c">
      <Filter>Source Files</Filter>
    </ClCompile>
    <ClCompile Include="C:\Users\hoang\STM32CubeIDE\workspace_1.10.1\testCmake\Middlewares\ST\STM32_USB_Host_Library\Core\Src\usbh_core.c">
      <Filter>Source Files</Filter>
    </ClCompile>
    <ClCompile Include="C:\Users\hoang\STM32CubeIDE\workspace_1.10.1\testCmake\Middlewares\ST\STM32_USB_Host_Library\Core\Src\usbh_ctlreq.c">
      <Filter>Source Files</Filter>
    </ClCompile>
    <ClCompile Include="C:\Users\hoang\STM32CubeIDE\workspace_1.10.1\testCmake\Middlewares\ST\STM32_USB_Host_Library\Core\Src\usbh_ioreq.c">
      <Filter>Source Files</Filter>
    </ClCompile>
    <ClCompile Include="C:\Users\hoang\STM32CubeIDE\workspace_1.10.1\testCmake\Middlewares\ST\STM32_USB_Host_Library\Core\Src\usbh_pipes.c">
      <Filter>Source Files</Filter>
    </ClCompile>
    <ClCompile Include="C:\Users\hoang\STM32CubeIDE\workspace_1.10.1\testCmake\USB_HOST\App\usb_host.c">
      <Filter>Source Files</Filter>
    </ClCompile>
    <ClCompile Include="C:\Users\hoang\STM32CubeIDE\workspace_1.10.1\testCmake\USB_HOST\Target\usbh_conf.c">
      <Filter>Source Files</Filter>
    </ClCompile>
    <ClCompile Include="C:\Users\hoang\STM32CubeIDE\workspace_1.10.1\testCmake\USB_HOST\Target\usbh_platform.c">
      <Filter>Source Files</Filter>
    </ClCompile>
  </ItemGroup>
  <ItemGroup>
    <ClInclude Include="C:\Users\hoang\STM32CubeIDE\workspace_1.10.1\testCmake\Core\Inc\main.h">
      <Filter>Header Files</Filter>
    </ClInclude>
    <ClInclude Include="C:\Users\hoang\STM32CubeIDE\workspace_1.10.1\testCmake\Core\Inc\stm32f4xx_hal_conf.h">
      <Filter>Header Files</Filter>
    </ClInclude>
    <ClInclude Include="C:\Users\hoang\STM32CubeIDE\workspace_1.10.1\testCmake\Core\Inc\stm32f4xx_it.h">
      <Filter>Header Files</Filter>
    </ClInclude>
    <ClInclude Include="C:\Users\hoang\STM32CubeIDE\workspace_1.10.1\testCmake\Drivers\CMSIS\Device\ST\STM32F4xx\Include\stm32f407xx.h">
      <Filter>Header Files</Filter>
    </ClInclude>
    <ClInclude Include="C:\Users\hoang\STM32CubeIDE\workspace_1.10.1\testCmake\Drivers\CMSIS\Device\ST\STM32F4xx\Include\stm32f4xx.h">
      <Filter>Header Files</Filter>
    </ClInclude>
    <ClInclude Include="C:\Users\hoang\STM32CubeIDE\workspace_1.10.1\testCmake\Drivers\CMSIS\Device\ST\STM32F4xx\Include\system_stm32f4xx.h">
      <Filter>Header Files</Filter>
    </ClInclude>
    <ClInclude Include="C:\Users\hoang\STM32CubeIDE\workspace_1.10.1\testCmake\Drivers\CMSIS\Include\cmsis_armcc.h">
      <Filter>Header Files</Filter>
    </ClInclude>
    <ClInclude Include="C:\Users\hoang\STM32CubeIDE\workspace_1.10.1\testCmake\Drivers\CMSIS\Include\cmsis_armclang.h">
      <Filter>Header Files</Filter>
    </ClInclude>
    <ClInclude Include="C:\Users\hoang\STM32CubeIDE\workspace_1.10.1\testCmake\Drivers\CMSIS\Include\cmsis_compiler.h">
      <Filter>Header Files</Filter>
    </ClInclude>
    <ClInclude Include="C:\Users\hoang\STM32CubeIDE\workspace_1.10.1\testCmake\Drivers\CMSIS\Include\cmsis_gcc.h">
      <Filter>Header Files</Filter>
    </ClInclude>
    <ClInclude Include="C:\Users\hoang\STM32CubeIDE\workspace_1.10.1\testCmake\Drivers\CMSIS\Include\cmsis_iccarm.h">
      <Filter>Header Files</Filter>
    </ClInclude>
    <ClInclude Include="C:\Users\hoang\STM32CubeIDE\workspace_1.10.1\testCmake\Drivers\CMSIS\Include\cmsis_version.h">
      <Filter>Header Files</Filter>
    </ClInclude>
    <ClInclude Include="C:\Users\hoang\STM32CubeIDE\workspace_1.10.1\testCmake\Drivers\CMSIS\Include\core_armv8mbl.h">
      <Filter>Header Files</Filter>
    </ClInclude>
    <ClInclude Include="C:\Users\hoang\STM32CubeIDE\workspace_1.10.1\testCmake\Drivers\CMSIS\Include\core_armv8mml.h">
      <Filter>Header Files</Filter>
    </ClInclude>
    <ClInclude Include="C:\Users\hoang\STM32CubeIDE\workspace_1.10.1\testCmake\Drivers\CMSIS\Include\core_cm0.h">
      <Filter>Header Files</Filter>
    </ClInclude>
    <ClInclude Include="C:\Users\hoang\STM32CubeIDE\workspace_1.10.1\testCmake\Drivers\CMSIS\Include\core_cm0plus.h">
      <Filter>Header Files</Filter>
    </ClInclude>
    <ClInclude Include="C:\Users\hoang\STM32CubeIDE\workspace_1.10.1\testCmake\Drivers\CMSIS\Include\core_cm1.h">
      <Filter>Header Files</Filter>
    </ClInclude>
    <ClInclude Include="C:\Users\hoang\STM32CubeIDE\workspace_1.10.1\testCmake\Drivers\CMSIS\Include\core_cm23.h">
      <Filter>Header Files</Filter>
    </ClInclude>
    <ClInclude Include="C:\Users\hoang\STM32CubeIDE\workspace_1.10.1\testCmake\Drivers\CMSIS\Include\core_cm3.h">
      <Filter>Header Files</Filter>
    </ClInclude>
    <ClInclude Include="C:\Users\hoang\STM32CubeIDE\workspace_1.10.1\testCmake\Drivers\CMSIS\Include\core_cm33.h">
      <Filter>Header Files</Filter>
    </ClInclude>
    <ClInclude Include="C:\Users\hoang\STM32CubeIDE\workspace_1.10.1\testCmake\Drivers\CMSIS\Include\core_cm4.h">
      <Filter>Header Files</Filter>
    </ClInclude>
    <ClInclude Include="C:\Users\hoang\STM32CubeIDE\workspace_1.10.1\testCmake\Drivers\CMSIS\Include\core_cm7.h">
      <Filter>Header Files</Filter>
    </ClInclude>
    <ClInclude Include="C:\Users\hoang\STM32CubeIDE\workspace_1.10.1\testCmake\Drivers\CMSIS\Include\core_sc000.h">
      <Filter>Header Files</Filter>
    </ClInclude>
    <ClInclude Include="C:\Users\hoang\STM32CubeIDE\workspace_1.10.1\testCmake\Drivers\CMSIS\Include\core_sc300.h">
      <Filter>Header Files</Filter>
    </ClInclude>
    <ClInclude Include="C:\Users\hoang\STM32CubeIDE\workspace_1.10.1\testCmake\Drivers\CMSIS\Include\mpu_armv7.h">
      <Filter>Header Files</Filter>
    </ClInclude>
    <ClInclude Include="C:\Users\hoang\STM32CubeIDE\workspace_1.10.1\testCmake\Drivers\CMSIS\Include\mpu_armv8.h">
      <Filter>Header Files</Filter>
    </ClInclude>
    <ClInclude Include="C:\Users\hoang\STM32CubeIDE\workspace_1.10.1\testCmake\Drivers\CMSIS\Include\tz_context.h">
      <Filter>Header Files</Filter>
    </ClInclude>
    <ClInclude Include="C:\Users\hoang\STM32CubeIDE\workspace_1.10.1\testCmake\Drivers\STM32F4xx_HAL_Driver\Inc\Legacy\stm32_hal_legacy.h">
      <Filter>Header Files</Filter>
    </ClInclude>
    <ClInclude Include="C:\Users\hoang\STM32CubeIDE\workspace_1.10.1\testCmake\Drivers\STM32F4xx_HAL_Driver\Inc\stm32f4xx_hal.h">
      <Filter>Header Files</Filter>
    </ClInclude>
    <ClInclude Include="C:\Users\hoang\STM32CubeIDE\workspace_1.10.1\testCmake\Drivers\STM32F4xx_HAL_Driver\Inc\stm32f4xx_hal_cortex.h">
      <Filter>Header Files</Filter>
    </ClInclude>
    <ClInclude Include="C:\Users\hoang\STM32CubeIDE\workspace_1.10.1\testCmake\Drivers\STM32F4xx_HAL_Driver\Inc\stm32f4xx_hal_def.h">
      <Filter>Header Files</Filter>
    </ClInclude>
    <ClInclude Include="C:\Users\hoang\STM32CubeIDE\workspace_1.10.1\testCmake\Drivers\STM32F4xx_HAL_Driver\Inc\stm32f4xx_hal_dma.h">
      <Filter>Header Files</Filter>
    </ClInclude>
    <ClInclude Include="C:\Users\hoang\STM32CubeIDE\workspace_1.10.1\testCmake\Drivers\STM32F4xx_HAL_Driver\Inc\stm32f4xx_hal_dma_ex.h">
      <Filter>Header Files</Filter>
    </ClInclude>
    <ClInclude Include="C:\Users\hoang\STM32CubeIDE\workspace_1.10.1\testCmake\Drivers\STM32F4xx_HAL_Driver\Inc\stm32f4xx_hal_exti.h">
      <Filter>Header Files</Filter>
    </ClInclude>
    <ClInclude Include="C:\Users\hoang\STM32CubeIDE\workspace_1.10.1\testCmake\Drivers\STM32F4xx_HAL_Driver\Inc\stm32f4xx_hal_flash.h">
      <Filter>Header Files</Filter>
    </ClInclude>
    <ClInclude Include="C:\Users\hoang\STM32CubeIDE\workspace_1.10.1\testCmake\Drivers\STM32F4xx_HAL_Driver\Inc\stm32f4xx_hal_flash_ex.h">
      <Filter>Header Files</Filter>
    </ClInclude>
    <ClInclude Include="C:\Users\hoang\STM32CubeIDE\workspace_1.10.1\testCmake\Drivers\STM32F4xx_HAL_Driver\Inc\stm32f4xx_hal_flash_ramfunc.h">
      <Filter>Header Files</Filter>
    </ClInclude>
    <ClInclude Include="C:\Users\hoang\STM32CubeIDE\workspace_1.10.1\testCmake\Drivers\STM32F4xx_HAL_Driver\Inc\stm32f4xx_hal_gpio.h">
      <Filter>Header Files</Filter>
    </ClInclude>
    <ClInclude Include="C:\Users\hoang\STM32CubeIDE\workspace_1.10.1\testCmake\Drivers\STM32F4xx_HAL_Driver\Inc\stm32f4xx_hal_gpio_ex.h">
      <Filter>Header Files</Filter>
    </ClInclude>
    <ClInclude Include="C:\Users\hoang\STM32CubeIDE\workspace_1.10.1\testCmake\Drivers\STM32F4xx_HAL_Driver\Inc\stm32f4xx_hal_hcd.h">
      <Filter>Header Files</Filter>
    </ClInclude>
    <ClInclude Include="C:\Users\hoang\STM32CubeIDE\workspace_1.10.1\testCmake\Drivers\STM32F4xx_HAL_Driver\Inc\stm32f4xx_hal_i2c.h">
      <Filter>Header Files</Filter>
    </ClInclude>
    <ClInclude Include="C:\Users\hoang\STM32CubeIDE\workspace_1.10.1\testCmake\Drivers\STM32F4xx_HAL_Driver\Inc\stm32f4xx_hal_i2c_ex.h">
      <Filter>Header Files</Filter>
    </ClInclude>
    <ClInclude Include="C:\Users\hoang\STM32CubeIDE\workspace_1.10.1\testCmake\Drivers\STM32F4xx_HAL_Driver\Inc\stm32f4xx_hal_i2s.h">
      <Filter>Header Files</Filter>
    </ClInclude>
    <ClInclude Include="C:\Users\hoang\STM32CubeIDE\workspace_1.10.1\testCmake\Drivers\STM32F4xx_HAL_Driver\Inc\stm32f4xx_hal_i2s_ex.h">
      <Filter>Header Files</Filter>
    </ClInclude>
    <ClInclude Include="C:\Users\hoang\STM32CubeIDE\workspace_1.10.1\testCmake\Drivers\STM32F4xx_HAL_Driver\Inc\stm32f4xx_hal_pwr.h">
      <Filter>Header Files</Filter>
    </ClInclude>
    <ClInclude Include="C:\Users\hoang\STM32CubeIDE\workspace_1.10.1\testCmake\Drivers\STM32F4xx_HAL_Driver\Inc\stm32f4xx_hal_pwr_ex.h">
      <Filter>Header Files</Filter>
    </ClInclude>
    <ClInclude Include="C:\Users\hoang\STM32CubeIDE\workspace_1.10.1\testCmake\Drivers\STM32F4xx_HAL_Driver\Inc\stm32f4xx_hal_rcc.h">
      <Filter>Header Files</Filter>
    </ClInclude>
    <ClInclude Include="C:\Users\hoang\STM32CubeIDE\workspace_1.10.1\testCmake\Drivers\STM32F4xx_HAL_Driver\Inc\stm32f4xx_hal_rcc_ex.h">
      <Filter>Header Files</Filter>
    </ClInclude>
    <ClInclude Include="C:\Users\hoang\STM32CubeIDE\workspace_1.10.1\testCmake\Drivers\STM32F4xx_HAL_Driver\Inc\stm32f4xx_hal_spi.h">
      <Filter>Header Files</Filter>
    </ClInclude>
    <ClInclude Include="C:\Users\hoang\STM32CubeIDE\workspace_1.10.1\testCmake\Drivers\STM32F4xx_HAL_Driver\Inc\stm32f4xx_hal_tim.h">
      <Filter>Header Files</Filter>
    </ClInclude>
    <ClInclude Include="C:\Users\hoang\STM32CubeIDE\workspace_1.10.1\testCmake\Drivers\STM32F4xx_HAL_Driver\Inc\stm32f4xx_hal_tim_ex.h">
      <Filter>Header Files</Filter>
    </ClInclude>
    <ClInclude Include="C:\Users\hoang\STM32CubeIDE\workspace_1.10.1\testCmake\Drivers\STM32F4xx_HAL_Driver\Inc\stm32f4xx_ll_bus.h">
      <Filter>Header Files</Filter>
    </ClInclude>
    <ClInclude Include="C:\Users\hoang\STM32CubeIDE\workspace_1.10.1\testCmake\Drivers\STM32F4xx_HAL_Driver\Inc\stm32f4xx_ll_cortex.h">
      <Filter>Header Files</Filter>
    </ClInclude>
    <ClInclude Include="C:\Users\hoang\STM32CubeIDE\workspace_1.10.1\testCmake\Drivers\STM32F4xx_HAL_Driver\Inc\stm32f4xx_ll_dma.h">
      <Filter>Header Files</Filter>
    </ClInclude>
    <ClInclude Include="C:\Users\hoang\STM32CubeIDE\workspace_1.10.1\testCmake\Drivers\STM32F4xx_HAL_Driver\Inc\stm32f4xx_ll_exti.h">
      <Filter>Header Files</Filter>
    </ClInclude>
    <ClInclude Include="C:\Users\hoang\STM32CubeIDE\workspace_1.10.1\testCmake\Drivers\STM32F4xx_HAL_Driver\Inc\stm32f4xx_ll_gpio.h">
      <Filter>Header Files</Filter>
    </ClInclude>
    <ClInclude Include="C:\Users\hoang\STM32CubeIDE\workspace_1.10.1\testCmake\Drivers\STM32F4xx_HAL_Driver\Inc\stm32f4xx_ll_i2c.h">
      <Filter>Header Files</Filter>
    </ClInclude>
    <ClInclude Include="C:\Users\hoang\STM32CubeIDE\workspace_1.10.1\testCmake\Drivers\STM32F4xx_HAL_Driver\Inc\stm32f4xx_ll_pwr.h">
      <Filter>Header Files</Filter>
    </ClInclude>
    <ClInclude Include="C:\Users\hoang\STM32CubeIDE\workspace_1.10.1\testCmake\Drivers\STM32F4xx_HAL_Driver\Inc\stm32f4xx_ll_rcc.h">
      <Filter>Header Files</Filter>
    </ClInclude>
    <ClInclude Include="C:\Users\hoang\STM32CubeIDE\workspace_1.10.1\testCmake\Drivers\STM32F4xx_HAL_Driver\Inc\stm32f4xx_ll_system.h">
      <Filter>Header Files</Filter>
    </ClInclude>
    <ClInclude Include="C:\Users\hoang\STM32CubeIDE\workspace_1.10.1\testCmake\Drivers\STM32F4xx_HAL_Driver\Inc\stm32f4xx_ll_usb.h">
      <Filter>Header Files</Filter>
    </ClInclude>
    <ClInclude Include="C:\Users\hoang\STM32CubeIDE\workspace_1.10.1\testCmake\Drivers\STM32F4xx_HAL_Driver\Inc\stm32f4xx_ll_utils.h">
      <Filter>Header Files</Filter>
    </ClInclude>
    <ClInclude Include="C:\Users\hoang\STM32CubeIDE\workspace_1.10.1\testCmake\Middlewares\ST\STM32_USB_Host_Library\Class\CDC\Inc\usbh_cdc.h">
      <Filter>Header Files</Filter>
    </ClInclude>
    <ClInclude Include="C:\Users\hoang\STM32CubeIDE\workspace_1.10.1\testCmake\Middlewares\ST\STM32_USB_Host_Library\Core\Inc\usbh_core.h">
      <Filter>Header Files</Filter>
    </ClInclude>
    <ClInclude Include="C:\Users\hoang\STM32CubeIDE\workspace_1.10.1\testCmake\Middlewares\ST\STM32_USB_Host_Library\Core\Inc\usbh_ctlreq.h">
      <Filter>Header Files</Filter>
    </ClInclude>
    <ClInclude Include="C:\Users\hoang\STM32CubeIDE\workspace_1.10.1\testCmake\Middlewares\ST\STM32_USB_Host_Library\Core\Inc\usbh_def.h">
      <Filter>Header Files</Filter>
    </ClInclude>
    <ClInclude Include="C:\Users\hoang\STM32CubeIDE\workspace_1.10.1\testCmake\Middlewares\ST\STM32_USB_Host_Library\Core\Inc\usbh_ioreq.h">
      <Filter>Header Files</Filter>
    </ClInclude>
    <ClInclude Include="C:\Users\hoang\STM32CubeIDE\workspace_1.10.1\testCmake\Middlewares\ST\STM32_USB_Host_Library\Core\Inc\usbh_pipes.h">
      <Filter>Header Files</Filter>
    </ClInclude>
    <ClInclude Include="C:\Users\hoang\STM32CubeIDE\workspace_1.10.1\testCmake\USB_HOST\App\usb_host.h">
      <Filter>Header Files</Filter>
    </ClInclude>
    <ClInclude Include="C:\Users\hoang\STM32CubeIDE\workspace_1.10.1\testCmake\USB_HOST\Target\usbh_conf.h">
      <Filter>Header Files</Filter>
    </ClInclude>
    <ClInclude Include="C:\Users\hoang\STM32CubeIDE\workspace_1.10.1\testCmake\USB_HOST\Target\usbh_platform.h">
      <Filter>Header Files</Filter>
    </ClInclude>
  </ItemGroup>
  <ItemGroup>
    <CustomBuild Include="C:\Users\hoang\STM32CubeIDE\workspace_1.10.1\testCmake\CMakeLists.txt" />
  </ItemGroup>
  <ItemGroup>
    <None Include="C:\Users\hoang\STM32CubeIDE\workspace_1.10.1\testCmake\Core\Startup\startup_stm32f407vgtx.s" />
    <None Include="C:\Users\hoang\STM32CubeIDE\workspace_1.10.1\testCmake\Drivers\CMSIS\Device\ST\STM32F4xx\LICENSE.txt" />
    <None Include="C:\Users\hoang\STM32CubeIDE\workspace_1.10.1\testCmake\Drivers\CMSIS\LICENSE.txt" />
    <None Include="C:\Users\hoang\STM32CubeIDE\workspace_1.10.1\testCmake\Drivers\STM32F4xx_HAL_Driver\LICENSE.txt" />
    <None Include="C:\Users\hoang\STM32CubeIDE\workspace_1.10.1\testCmake\STM32F407VGTX_FLASH.ld" />
  </ItemGroup>
  <ItemGroup>
    <Filter Include="Header Files">
      <UniqueIdentifier>{5D511087-031D-34DF-A9A2-05D57F673439}</UniqueIdentifier>
    </Filter>
    <Filter Include="Source Files">
      <UniqueIdentifier>{96A63479-4DBE-3361-8733-4A3D81BFFED1}</UniqueIdentifier>
    </Filter>
  </ItemGroup>
</Project>
